{
  "name": "Atividade_8_laboratorio_8_tecweb_2023_1_Harold_Calixto",
  "lockfileVersion": 3,
  "requires": true,
  "packages": {
    "": {
      "dependencies": {
        "materialize-css": "^1.0.0",
        "materialize-social": "^1.0.3"
      }
    },
    "node_modules/angular2": {
      "version": "2.0.0-beta.21",
      "resolved": "https://registry.npmjs.org/angular2/-/angular2-2.0.0-beta.21.tgz",
      "integrity": "sha512-J2jImQLsyDWW/gU9vjRVxxdl1Sp+m8KM7PR3K6ggy0JtRn27dUHIWCY6F3U28t+aUIFc5Wid0ULKUes7Fz89ig==",
      "deprecated": "This version of Angular has been deprecated. Use @angular/core instead.",
      "peerDependencies": {
        "es6-shim": "^0.35.0",
        "reflect-metadata": "0.1.2",
        "rxjs": "5.0.0-beta.6",
        "zone.js": "^0.6.12"
      }
    },
    "node_modules/es6-promise": {
      "version": "3.3.1",
      "resolved": "https://registry.npmjs.org/es6-promise/-/es6-promise-3.3.1.tgz",
      "integrity": "sha512-SOp9Phqvqn7jtEUxPWdWfWoLmyt2VaJ6MpvP9Comy1MceMXqE6bxvaTu4iaxpYYPzhny28Lc+M87/c2cPK6lDg=="
    },
    "node_modules/es6-shim": {
      "version": "0.35.8",
      "resolved": "https://registry.npmjs.org/es6-shim/-/es6-shim-0.35.8.tgz",
      "integrity": "sha512-Twf7I2v4/1tLoIXMT8HlqaBSS5H2wQTs2wx3MNYCI8K1R1/clXyCazrcVCPm/FuO9cyV8+leEaZOWD5C253NDg==",
      "peer": true
    },
    "node_modules/fontawesome": {
      "version": "4.7.2",
      "resolved": "https://registry.npmjs.org/fontawesome/-/fontawesome-4.7.2.tgz",
      "integrity": "sha512-q12j2297ekILefu0RSIpLCg9OvD1PwfTyNa9W+zJt8QkveIXGK4L6w9mReW0AA/iFM7ZAvnZqq4k4sUCvLDQgg=="
    },
    "node_modules/materialize-css": {
      "version": "1.0.0",
      "resolved": "https://registry.npmjs.org/materialize-css/-/materialize-css-1.0.0.tgz",
      "integrity": "sha512-4/oecXl8y/1i8RDZvyvwAICyqwNoKU4or5uf8uoAd74k76KzZ0Llym4zhJ5lLNUskcqjO0AuMcvNyDkpz8Z6zw=="
    },
    "node_modules/materialize-social": {
      "version": "1.0.3",
      "resolved": "https://registry.npmjs.org/materialize-social/-/materialize-social-1.0.3.tgz",
      "integrity": "sha512-C0PlJMvlMEmvNlj+6jsHq7v/XzvUUcQ29wyV3SWNI/TjxFsiwMnzgP0W92zS2s8L/9/BKPPkaJH+qQS56T/F2Q==",
      "dependencies": {
        "fontawesome": "^4.7.2",
        "materializecss": "^1.0.11"
      }
    },
    "node_modules/materializecss": {
      "version": "1.0.11",
      "resolved": "https://registry.npmjs.org/materializecss/-/materializecss-1.0.11.tgz",
      "integrity": "sha512-KaZXczXNWE+yAVoZVeh7RjkZ/1MG3BpBPDFDJVvVo9tD7H/yMCCEJL0TjGGCJ5Lq3djDE3Dfu1lK6CFqNcJMiw==",
      "dependencies": {
        "angular2": "^2.0.0-beta.2",
        "es6-promise": "^3.0.2",
        "es6-shim": "^0.33.13",
        "reflect-metadata": "^0.1.2",
        "rxjs": "^5.0.0-beta.0",
        "zone.js": "^0.5.10"
      }
    },
    "node_modules/materializecss/node_modules/es6-shim": {
      "version": "0.33.13",
      "resolved": "https://registry.npmjs.org/es6-shim/-/es6-shim-0.33.13.tgz",
      "integrity": "sha512-jDzXrfRDOXEGTma2ZiUOLaD++UHgsDeZMPSOpX5xnhECy4HnUu2osEFtnF1oauYZ30uyy3GBLNlA45aJfz6xNg=="
    },
    "node_modules/materializecss/node_modules/zone.js": {
      "version": "0.5.15",
      "resolved": "https://registry.npmjs.org/zone.js/-/zone.js-0.5.15.tgz",
      "integrity": "sha512-pdJgxJ20CZNUk+9L9X3FmV5gPv7GZVVHyrvYHaTco0/I4u1ych/kXCIP8uXoeqsrPUmj2Pa4RgNTHRwVPHtWSw==",
      "dependencies": {
        "es6-promise": "^3.0.2"
      }
    },
    "node_modules/reflect-metadata": {
      "version": "0.1.2",
      "resolved": "https://registry.npmjs.org/reflect-metadata/-/reflect-metadata-0.1.2.tgz",
      "integrity": "sha512-q07DSHTkZtUowt0GxxVOLWao7zUsiUEwYWE6wOopRT3W4i1ASPlMcIkOmNgwTPJT9PV7GV/ZSy6JVBd7pie1lg=="
    },
    "node_modules/rxjs": {
      "version": "5.0.0-beta.6",
      "resolved": "https://registry.npmjs.org/rxjs/-/rxjs-5.0.0-beta.6.tgz",
      "integrity": "sha512-mbvIHQ6qutECitRARuX+hPx25I9+8hzQmF+/jHRgX2s1bY3lm++xr/VdKWf6uSK4AGHkhKRZ8ZUzQ53a8SzIvQ==",
      "engines": {
        "npm": ">=2.0.0"
      }
    },
    "node_modules/zone.js": {
      "version": "0.6.26",
      "resolved": "https://registry.npmjs.org/zone.js/-/zone.js-0.6.26.tgz",
      "integrity": "sha512-SjtJJxWD81baZLEHJ02QUoqgnYTsWpAD/C2meVzeyM615deJPOm7BJxYRRpwuP7XsqeDXnJG1HP5odS1VPBa3w==",
      "peer": true
    }
  }
}
